// !$*UTF8*$!
{
	archiveVersion = 1;
	classes = {
	};
	objectVersion = 77;
	objects = {

/* Begin PBXBuildFile section */
		06AE31E25CD2FE842AF0A429 /* Domain.swift in Sources */ = {isa = PBXBuildFile; fileRef = B45F8D80ABD25B07B21292DA /* Domain.swift */; };
		0BE2AE123E618FE14372E334 /* JarvisView.swift in Sources */ = {isa = PBXBuildFile; fileRef = 05FCA90CB3D28913A200A89E /* JarvisView.swift */; };
		2FCFBF785A8D5DB0E76571B2 /* SettingsView.swift in Sources */ = {isa = PBXBuildFile; fileRef = A54C0278B4802A1B704D4505 /* SettingsView.swift */; };
		417535B08FD9CE4C4FC277D6 /* VitalsService.swift in Sources */ = {isa = PBXBuildFile; fileRef = CAE0436C4D5CCFB14988A415 /* VitalsService.swift */; };
		4D2ACB393799E126A5643C2E /* LocationService.swift in Sources */ = {isa = PBXBuildFile; fileRef = 032772C5FF6B2F0AC160D649 /* LocationService.swift */; };
		6B76A5C9C69D6BADE4DE4ACD /* SirenView.swift in Sources */ = {isa = PBXBuildFile; fileRef = 9E402C6E21DAB56D0956D3DB /* SirenView.swift */; };
		75AF8DF29AB1A7C64B1680F8 /* PrescriptoView.swift in Sources */ = {isa = PBXBuildFile; fileRef = D5BC74870F8E58930FA5403D /* PrescriptoView.swift */; };
		76EDAFD87CC8E9782FC23D60 /* AgroGenView.swift in Sources */ = {isa = PBXBuildFile; fileRef = 3B382A331B958ADFB98275DD /* AgroGenView.swift */; };
		79EE32646FDA83BA5B940DB8 /* LawGenView.swift in Sources */ = {isa = PBXBuildFile; fileRef = 4456AD968F8EB9C5DDCE478F /* LawGenView.swift */; };
		80888034C8DCBCD80B272BB1 /* LearningView.swift in Sources */ = {isa = PBXBuildFile; fileRef = 11F10EFBC694FE3A0AD2F671 /* LearningView.swift */; };
		ABA79FF445084B654032CBE8 /* JarvisService.swift in Sources */ = {isa = PBXBuildFile; fileRef = 37A674E66A65638E6E4CDC3D /* JarvisService.swift */; };
		AC1C0A3E86388BA62F9A2732 /* Assets.xcassets in Resources */ = {isa = PBXBuildFile; fileRef = 705D1832B400DB677737A599 /* Assets.xcassets */; };
		E656CBDBD2F88BFEE6BB54C2 /* SafeGuardView.swift in Sources */ = {isa = PBXBuildFile; fileRef = 80B063363C35DF0FCBD2F368 /* SafeGuardView.swift */; };
		FAE5ABEA81F44C1CCA7C066C /* VynedamWatchAppApp.swift in Sources */ = {isa = PBXBuildFile; fileRef = 3643F8221A6EEECA1A88E51A /* VynedamWatchAppApp.swift */; };
		FC8EC6BEAD7FA547B1748F51 /* HomeView.swift in Sources */ = {isa = PBXBuildFile; fileRef = F50C8686890ADA15BEF1CE6A /* HomeView.swift */; };
/* End PBXBuildFile section */

/* Begin PBXFileReference section */
		032772C5FF6B2F0AC160D649 /* LocationService.swift */ = {isa = PBXFileReference; lastKnownFileType = sourcecode.swift; path = LocationService.swift; sourceTree = "<group>"; };
		05FCA90CB3D28913A200A89E /* JarvisView.swift */ = {isa = PBXFileReference; lastKnownFileType = sourcecode.swift; path = JarvisView.swift; sourceTree = "<group>"; };
		11F10EFBC694FE3A0AD2F671 /* LearningView.swift */ = {isa = PBXFileReference; lastKnownFileType = sourcecode.swift; path = LearningView.swift; sourceTree = "<group>"; };
		3643F8221A6EEECA1A88E51A /* VynedamWatchAppApp.swift */ = {isa = PBXFileReference; lastKnownFileType = sourcecode.swift; path = VynedamWatchAppApp.swift; sourceTree = "<group>"; };
		37A674E66A65638E6E4CDC3D /* JarvisService.swift */ = {isa = PBXFileReference; lastKnownFileType = sourcecode.swift; path = JarvisService.swift; sourceTree = "<group>"; };
		3B382A331B958ADFB98275DD /* AgroGenView.swift */ = {isa = PBXFileReference; lastKnownFileType = sourcecode.swift; path = AgroGenView.swift; sourceTree = "<group>"; };
		4456AD968F8EB9C5DDCE478F /* LawGenView.swift */ = {isa = PBXFileReference; lastKnownFileType = sourcecode.swift; path = LawGenView.swift; sourceTree = "<group>"; };
		705D1832B400DB677737A599 /* Assets.xcassets */ = {isa = PBXFileReference; lastKnownFileType = folder.assetcatalog; path = Assets.xcassets; sourceTree = "<group>"; };
		80B063363C35DF0FCBD2F368 /* SafeGuardView.swift */ = {isa = PBXFileReference; lastKnownFileType = sourcecode.swift; path = SafeGuardView.swift; sourceTree = "<group>"; };
		9029FE87EF6C22F29D38E165 /* VynedamWatchApp.app */ = {isa = PBXFileReference; explicitFileType = wrapper.application; includeInIndex = 0; path = VynedamWatchApp.app; sourceTree = BUILT_PRODUCTS_DIR; };
		9E402C6E21DAB56D0956D3DB /* SirenView.swift */ = {isa = PBXFileReference; lastKnownFileType = sourcecode.swift; path = SirenView.swift; sourceTree = "<group>"; };
		A54C0278B4802A1B704D4505 /* SettingsView.swift */ = {isa = PBXFileReference; lastKnownFileType = sourcecode.swift; path = SettingsView.swift; sourceTree = "<group>"; };
		B45F8D80ABD25B07B21292DA /* Domain.swift */ = {isa = PBXFileReference; lastKnownFileType = sourcecode.swift; path = Domain.swift; sourceTree = "<group>"; };
		CAE0436C4D5CCFB14988A415 /* VitalsService.swift */ = {isa = PBXFileReference; lastKnownFileType = sourcecode.swift; path = VitalsService.swift; sourceTree = "<group>"; };
		D5BC74870F8E58930FA5403D /* PrescriptoView.swift */ = {isa = PBXFileReference; lastKnownFileType = sourcecode.swift; path = PrescriptoView.swift; sourceTree = "<group>"; };
		F50C8686890ADA15BEF1CE6A /* HomeView.swift */ = {isa = PBXFileReference; lastKnownFileType = sourcecode.swift; path = HomeView.swift; sourceTree = "<group>"; };
/* End PBXFileReference section */

/* Begin PBXGroup section */
		287C102C4430D65DAD75ADB6 /* VynedamWatchApp */ = {
			isa = PBXGroup;
			children = (
				705D1832B400DB677737A599 /* Assets.xcassets */,
				3643F8221A6EEECA1A88E51A /* VynedamWatchAppApp.swift */,
				7EC210B30371CE478460CFD9 /* Models */,
				5842BD881521469ADED1BA44 /* Services */,
				33A26F4A4C4310D34BB6300A /* Views */,
			);
			path = VynedamWatchApp;
			sourceTree = "<group>";
		};
		33A26F4A4C4310D34BB6300A /* Views */ = {
			isa = PBXGroup;
			children = (
				3B382A331B958ADFB98275DD /* AgroGenView.swift */,
				F50C8686890ADA15BEF1CE6A /* HomeView.swift */,
				05FCA90CB3D28913A200A89E /* JarvisView.swift */,
				4456AD968F8EB9C5DDCE478F /* LawGenView.swift */,
				11F10EFBC694FE3A0AD2F671 /* LearningView.swift */,
				D5BC74870F8E58930FA5403D /* PrescriptoView.swift */,
				80B063363C35DF0FCBD2F368 /* SafeGuardView.swift */,
				A54C0278B4802A1B704D4505 /* SettingsView.swift */,
				9E402C6E21DAB56D0956D3DB /* SirenView.swift */,
			);
			path = Views;
			sourceTree = "<group>";
		};
		5842BD881521469ADED1BA44 /* Services */ = {
			isa = PBXGroup;
			children = (
				37A674E66A65638E6E4CDC3D /* JarvisService.swift */,
				032772C5FF6B2F0AC160D649 /* LocationService.swift */,
				CAE0436C4D5CCFB14988A415 /* VitalsService.swift */,
			);
			path = Services;
			sourceTree = "<group>";
		};
		7EC210B30371CE478460CFD9 /* Models */ = {
			isa = PBXGroup;
			children = (
				B45F8D80ABD25B07B21292DA /* Domain.swift */,
			);
			path = Models;
			sourceTree = "<group>";
		};
		96C373FB06C36C6732E59985 /* Products */ = {
			isa = PBXGroup;
			children = (
				9029FE87EF6C22F29D38E165 /* VynedamWatchApp.app */,
			);
			name = Products;
			sourceTree = "<group>";
		};
		F2C4922492A50BF0DE0E12CB = {
			isa = PBXGroup;
			children = (
				287C102C4430D65DAD75ADB6 /* VynedamWatchApp */,
				96C373FB06C36C6732E59985 /* Products */,
			);
			sourceTree = "<group>";
		};
/* End PBXGroup section */

/* Begin PBXNativeTarget section */
		79033634BD977D60DE1A9CD9 /* VynedamWatchApp */ = {
			isa = PBXNativeTarget;
			buildConfigurationList = 82C6B659BCF0D5A261837A7D /* Build configuration list for PBXNativeTarget "VynedamWatchApp" */;
			buildPhases = (
				EDDE6B8CE4BEEFDD603A3F61 /* Sources */,
				44A39ACD9460834BC44ECDF9 /* Resources */,
			);
			buildRules = (
			);
			dependencies = (
			);
			name = VynedamWatchApp;
			packageProductDependencies = (
			);
			productName = VynedamWatchApp;
			productReference = 9029FE87EF6C22F29D38E165 /* VynedamWatchApp.app */;
			productType = "com.apple.product-type.application";
		};
/* End PBXNativeTarget section */

/* Begin PBXProject section */
		716998E00FF86A309E97E479 /* Project object */ = {
			isa = PBXProject;
			attributes = {
				BuildIndependentTargetsInParallel = YES;
				LastUpgradeCheck = 1430;
				TargetAttributes = {
				};
			};
			buildConfigurationList = 6466BA9109A3B1305F1D6E0F /* Build configuration list for PBXProject "VynedamWatchApp" */;
			developmentRegion = en;
			hasScannedForEncodings = 0;
			knownRegions = (
				Base,
				en,
			);
			mainGroup = F2C4922492A50BF0DE0E12CB;
			minimizedProjectReferenceProxies = 1;
			preferredProjectObjectVersion = 77;
			productRefGroup = 96C373FB06C36C6732E59985 /* Products */;
			projectDirPath = "";
			projectRoot = "";
			targets = (
				79033634BD977D60DE1A9CD9 /* VynedamWatchApp */,
			);
		};
/* End PBXProject section */

/* Begin PBXResourcesBuildPhase section */
		44A39ACD9460834BC44ECDF9 /* Resources */ = {
			isa = PBXResourcesBuildPhase;
			buildActionMask = 2147483647;
			files = (
				AC1C0A3E86388BA62F9A2732 /* Assets.xcassets in Resources */,
			);
			runOnlyForDeploymentPostprocessing = 0;
		};
/* End PBXResourcesBuildPhase section */

/* Begin PBXSourcesBuildPhase section */
		EDDE6B8CE4BEEFDD603A3F61 /* Sources */ = {
			isa = PBXSourcesBuildPhase;
			buildActionMask = 2147483647;
			files = (
				76EDAFD87CC8E9782FC23D60 /* AgroGenView.swift in Sources */,
				06AE31E25CD2FE842AF0A429 /* Domain.swift in Sources */,
				FC8EC6BEAD7FA547B1748F51 /* HomeView.swift in Sources */,
				ABA79FF445084B654032CBE8 /* JarvisService.swift in Sources */,
				0BE2AE123E618FE14372E334 /* JarvisView.swift in Sources */,
				79EE32646FDA83BA5B940DB8 /* LawGenView.swift in Sources */,
				80888034C8DCBCD80B272BB1 /* LearningView.swift in Sources */,
				4D2ACB393799E126A5643C2E /* LocationService.swift in Sources */,
				75AF8DF29AB1A7C64B1680F8 /* PrescriptoView.swift in Sources */,
				E656CBDBD2F88BFEE6BB54C2 /* SafeGuardView.swift in Sources */,
				2FCFBF785A8D5DB0E76571B2 /* SettingsView.swift in Sources */,
				6B76A5C9C69D6BADE4DE4ACD /* SirenView.swift in Sources */,
				417535B08FD9CE4C4FC277D6 /* VitalsService.swift in Sources */,
				FAE5ABEA81F44C1CCA7C066C /* VynedamWatchAppApp.swift in Sources */,
			);
			runOnlyForDeploymentPostprocessing = 0;
		};
/* End PBXSourcesBuildPhase section */

/* Begin XCBuildConfiguration section */
		6AE705C44C1C1A6EB6F2A4CC /* Debug */ = {
			isa = XCBuildConfiguration;
			buildSettings = {
				ASSETCATALOG_COMPILER_APPICON_NAME = AppIcon;
				CURRENT_PROJECT_VERSION = 1;
				GENERATE_INFOPLIST_FILE = YES;
				INFOPLIST_KEY_WKApplication = YES;
				INFOPLIST_KEY_WKWatchOnly = YES;
				MARKETING_VERSION = 1.0.0;
				PRODUCT_BUNDLE_IDENTIFIER = com.vynedam.watchapp;
				SDKROOT = watchos;
				SKIP_INSTALL = YES;
				SUPPORTED_PLATFORMS = "watchos watchsimulator";
				TARGETED_DEVICE_FAMILY = 4;
				WATCHOS_DEPLOYMENT_TARGET = 10.0;
			};
			name = Debug;
		};
		A01CE997003D0066330BB96F /* Release */ = {
			isa = XCBuildConfiguration;
			buildSettings = {
				ASSETCATALOG_COMPILER_APPICON_NAME = AppIcon;
				CURRENT_PROJECT_VERSION = 1;
				GENERATE_INFOPLIST_FILE = YES;
				INFOPLIST_KEY_WKApplication = YES;
				INFOPLIST_KEY_WKWatchOnly = YES;
				MARKETING_VERSION = 1.0.0;
				PRODUCT_BUNDLE_IDENTIFIER = com.vynedam.watchapp;
				SDKROOT = watchos;
				SKIP_INSTALL = YES;
				SUPPORTED_PLATFORMS = "watchos watchsimulator";
				TARGETED_DEVICE_FAMILY = 4;
				WATCHOS_DEPLOYMENT_TARGET = 10.0;
			};
			name = Release;
		};
		AF16EED9D498C0EAC5F2B88E /* Release */ = {
			isa = XCBuildConfiguration;
			buildSettings = {
				ALWAYS_SEARCH_USER_PATHS = NO;
				CLANG_ANALYZER_NONNULL = YES;
				CLANG_ANALYZER_NUMBER_OBJECT_CONVERSION = YES_AGGRESSIVE;
				CLANG_CXX_LANGUAGE_STANDARD = "gnu++14";
				CLANG_CXX_LIBRARY = "libc++";
				CLANG_ENABLE_MODULES = YES;
				CLANG_ENABLE_OBJC_ARC = YES;
				CLANG_ENABLE_OBJC_WEAK = YES;
				CLANG_WARN_BLOCK_CAPTURE_AUTORELEASING = YES;
				CLANG_WARN_BOOL_CONVERSION = YES;
				CLANG_WARN_COMMA = YES;
				CLANG_WARN_CONSTANT_CONVERSION = YES;
				CLANG_WARN_DEPRECATED_OBJC_IMPLEMENTATIONS = YES;
				CLANG_WARN_DIRECT_OBJC_ISA_USAGE = YES_ERROR;
				CLANG_WARN_DOCUMENTATION_COMMENTS = YES;
				CLANG_WARN_EMPTY_BODY = YES;
				CLANG_WARN_ENUM_CONVERSION = YES;
				CLANG_WARN_INFINITE_RECURSION = YES;
				CLANG_WARN_INT_CONVERSION = YES;
				CLANG_WARN_NON_LITERAL_NULL_CONVERSION = YES;
				CLANG_WARN_OBJC_IMPLICIT_RETAIN_SELF = YES;
				CLANG_WARN_OBJC_LITERAL_CONVERSION = YES;
				CLANG_WARN_OBJC_ROOT_CLASS = YES_ERROR;
				CLANG_WARN_QUOTED_INCLUDE_IN_FRAMEWORK_HEADER = YES;
				CLANG_WARN_RANGE_LOOP_ANALYSIS = YES;
				CLANG_WARN_STRICT_PROTOTYPES = YES;
				CLANG_WARN_SUSPICIOUS_MOVE = YES;
				CLANG_WARN_UNGUARDED_AVAILABILITY = YES_AGGRESSIVE;
				CLANG_WARN_UNREACHABLE_CODE = YES;
				CLANG_WARN__DUPLICATE_METHOD_MATCH = YES;
				COPY_PHASE_STRIP = NO;
				DEBUG_INFORMATION_FORMAT = "dwarf-with-dsym";
				ENABLE_NS_ASSERTIONS = NO;
				ENABLE_STRICT_OBJC_MSGSEND = YES;
				GCC_C_LANGUAGE_STANDARD = gnu11;
				GCC_NO_COMMON_BLOCKS = YES;
				GCC_WARN_64_TO_32_BIT_CONVERSION = YES;
				GCC_WARN_ABOUT_RETURN_TYPE = YES_ERROR;
				GCC_WARN_UNDECLARED_SELECTOR = YES;
				GCC_WARN_UNINITIALIZED_AUTOS = YES_AGGRESSIVE;
				GCC_WARN_UNUSED_FUNCTION = YES;
				GCC_WARN_UNUSED_VARIABLE = YES;
				MTL_ENABLE_DEBUG_INFO = NO;
				MTL_FAST_MATH = YES;
				PRODUCT_NAME = "$(TARGET_NAME)";
				SDKROOT = watchos;
				SWIFT_COMPILATION_MODE = wholemodule;
				SWIFT_OPTIMIZATION_LEVEL = "-O";
				SWIFT_VERSION = 5.0;
			};
			name = Release;
		};
		EF04D550D0AB8EDAE4EBDCC0 /* Debug */ = {
			isa = XCBuildConfiguration;
			buildSettings = {
				ALWAYS_SEARCH_USER_PATHS = NO;
				CLANG_ANALYZER_NONNULL = YES;
				CLANG_ANALYZER_NUMBER_OBJECT_CONVERSION = YES_AGGRESSIVE;
				CLANG_CXX_LANGUAGE_STANDARD = "gnu++14";
				CLANG_CXX_LIBRARY = "libc++";
				CLANG_ENABLE_MODULES = YES;
				CLANG_ENABLE_OBJC_ARC = YES;
				CLANG_ENABLE_OBJC_WEAK = YES;
				CLANG_WARN_BLOCK_CAPTURE_AUTORELEASING = YES;
				CLANG_WARN_BOOL_CONVERSION = YES;
				CLANG_WARN_COMMA = YES;
				CLANG_WARN_CONSTANT_CONVERSION = YES;
				CLANG_WARN_DEPRECATED_OBJC_IMPLEMENTATIONS = YES;
				CLANG_WARN_DIRECT_OBJC_ISA_USAGE = YES_ERROR;
				CLANG_WARN_DOCUMENTATION_COMMENTS = YES;
				CLANG_WARN_EMPTY_BODY = YES;
				CLANG_WARN_ENUM_CONVERSION = YES;
				CLANG_WARN_INFINITE_RECURSION = YES;
				CLANG_WARN_INT_CONVERSION = YES;
				CLANG_WARN_NON_LITERAL_NULL_CONVERSION = YES;
				CLANG_WARN_OBJC_IMPLICIT_RETAIN_SELF = YES;
				CLANG_WARN_OBJC_LITERAL_CONVERSION = YES;
				CLANG_WARN_OBJC_ROOT_CLASS = YES_ERROR;
				CLANG_WARN_QUOTED_INCLUDE_IN_FRAMEWORK_HEADER = YES;
				CLANG_WARN_RANGE_LOOP_ANALYSIS = YES;
				CLANG_WARN_STRICT_PROTOTYPES = YES;
				CLANG_WARN_SUSPICIOUS_MOVE = YES;
				CLANG_WARN_UNGUARDED_AVAILABILITY = YES_AGGRESSIVE;
				CLANG_WARN_UNREACHABLE_CODE = YES;
				CLANG_WARN__DUPLICATE_METHOD_MATCH = YES;
				COPY_PHASE_STRIP = NO;
				DEBUG_INFORMATION_FORMAT = dwarf;
				ENABLE_STRICT_OBJC_MSGSEND = YES;
				ENABLE_TESTABILITY = YES;
				GCC_C_LANGUAGE_STANDARD = gnu11;
				GCC_DYNAMIC_NO_PIC = NO;
				GCC_NO_COMMON_BLOCKS = YES;
				GCC_OPTIMIZATION_LEVEL = 0;
				GCC_PREPROCESSOR_DEFINITIONS = (
					"$(inherited)",
					"DEBUG=1",
				);
				GCC_WARN_64_TO_32_BIT_CONVERSION = YES;
				GCC_WARN_ABOUT_RETURN_TYPE = YES_ERROR;
				GCC_WARN_UNDECLARED_SELECTOR = YES;
				GCC_WARN_UNINITIALIZED_AUTOS = YES_AGGRESSIVE;
				GCC_WARN_UNUSED_FUNCTION = YES;
				GCC_WARN_UNUSED_VARIABLE = YES;
				MTL_ENABLE_DEBUG_INFO = INCLUDE_SOURCE;
				MTL_FAST_MATH = YES;
				ONLY_ACTIVE_ARCH = YES;
				PRODUCT_NAME = "$(TARGET_NAME)";
				SDKROOT = watchos;
				SWIFT_ACTIVE_COMPILATION_CONDITIONS = DEBUG;
				SWIFT_OPTIMIZATION_LEVEL = "-Onone";
				SWIFT_VERSION = 5.0;
			};
			name = Debug;
		};
/* End XCBuildConfiguration section */

/* Begin XCConfigurationList section */
		6466BA9109A3B1305F1D6E0F /* Build configuration list for PBXProject "VynedamWatchApp" */ = {
			isa = XCConfigurationList;
			buildConfigurations = (
				EF04D550D0AB8EDAE4EBDCC0 /* Debug */,
				AF16EED9D498C0EAC5F2B88E /* Release */,
			);
			defaultConfigurationIsVisible = 0;
			defaultConfigurationName = Debug;
		};
		82C6B659BCF0D5A261837A7D /* Build configuration list for PBXNativeTarget "VynedamWatchApp" */ = {
			isa = XCConfigurationList;
			buildConfigurations = (
				6AE705C44C1C1A6EB6F2A4CC /* Debug */,
				A01CE997003D0066330BB96F /* Release */,
			);
			defaultConfigurationIsVisible = 0;
			defaultConfigurationName = Debug;
		};
/* End XCConfigurationList section */
	};
	rootObject = 716998E00FF86A309E97E479 /* Project object */;
}
